{
  "lockfile_version": "1",
  "packages": {
    "git@2.53.0": {
      "last_modified": "2026-02-24T00:13:24Z",
      "resolved": "github:NixOS/nixpkgs/5e4522be6bdf1600682a6f383434b057b2d77a37#git",
      "source": "devbox-search",
      "version": "2.53.0",
      "systems": {
        "aarch64-darwin": {
          "outputs": [
            {
              "name": "out",
              "path": "/nix/store/rfbzyqcygzpyh5ncb79n07x8bhws2pq3-git-2.53.0",
              "default": true
            },
            {
              "name": "doc",
              "path": "/nix/store/lgbyzfz2j1j7g47331i5684765akl38m-git-2.53.0-doc"
            }
          ],
          "store_path": "/nix/store/rfbzyqcygzpyh5ncb79n07x8bhws2pq3-git-2.53.0"
        },
        "aarch64-linux": {
          "outputs": [
            {
              "name": "out",
              "path": "/nix/store/xz8bzpl5fz92bkhcdmf4g45znvvzcakd-git-2.53.0",
              "default": true
            },
            {
              "name": "debug",
              "path": "/nix/store/xr7sgggqixdji66nhax03lwmk25ms7af-git-2.53.0-debug"
            },
            {
              "name": "doc",
              "path": "/nix/store/lspm2ph3iad5y9irmh2wms6bm3nhhy76-git-2.53.0-doc"
            }
          ],
          "store_path": "/nix/store/xz8bzpl5fz92bkhcdmf4g45znvvzcakd-git-2.53.0"
        },
        "x86_64-darwin": {
          "outputs": [
            {
              "name": "out",
              "path": "/nix/store/bmddbpv896f9rgnm0835434qjiqh1psc-git-2.53.0",
              "default": true
            },
            {
              "name": "doc",
              "path": "/nix/store/0wx1wdjy7imyv7cp6p6m2l17ycq7n3q4-git-2.53.0-doc"
            }
          ],
          "store_path": "/nix/store/bmddbpv896f9rgnm0835434qjiqh1psc-git-2.53.0"
        },
        "x86_64-linux": {
          "outputs": [
            {
              "name": "out",
              "path": "/nix/store/8x49w8i0vafv34rlc6h4a0f7z0z2qpb5-git-2.53.0",
              "default": true
            },
            {
              "name": "debug",
              "path": "/nix/store/i9fi7yqx2z2dryn80w5pr4b1v4nmyida-git-2.53.0-debug"
            },
            {
              "name": "doc",
              "path": "/nix/store/frqc9w8q0dxsg7b8w3j0cv1lb9bd6xww-git-2.53.0-doc"
            }
          ],
          "store_path": "/nix/store/8x49w8i0vafv34rlc6h4a0f7z0z2qpb5-git-2.53.0"
        }
      }
    },
    "github:NixOS/nixpkgs/nixpkgs-unstable": {
      "last_modified": "2025-12-03T20:43:00Z",
      "resolved": "github:NixOS/nixpkgs/ebc94f855ef25347c314258c10393a92794e7ab9?lastModified=1764794580&narHash=sha256-UMVihg0OQ980YqmOAPz%2BzkuCEb9hpE5Xj2v%2BZGNjQ%2BM%3D"
    },
    "kubectl-tree@0.6.0": {
      "last_modified": "2026-04-01T01:09:41Z",
      "resolved": "github:NixOS/nixpkgs/62e3050a29278c985725a86704faa1e99236b51a#kubectl-tree",
      "source": "devbox-search",
      "version": "0.6.0",
      "systems": {
        "aarch64-darwin": {
          "outputs": [
            {
              "name": "out",
              "path": "/nix/store/6q950xfy2f6mb9cg1bnjb4kzhfd6z9zk-kubectl-tree-0.6.0",
              "default": true
            }
          ],
          "store_path": "/nix/store/6q950xfy2f6mb9cg1bnjb4kzhfd6z9zk-kubectl-tree-0.6.0"
        },
        "aarch64-linux": {
          "outputs": [
            {
              "name": "out",
              "path": "/nix/store/24snzlz3sivpddzmbbmwqnabfak5i4bx-kubectl-tree-0.6.0",
              "default": true
            }
          ],
          "store_path": "/nix/store/24snzlz3sivpddzmbbmwqnabfak5i4bx-kubectl-tree-0.6.0"
        },
        "x86_64-darwin": {
          "outputs": [
            {
              "name": "out",
              "path": "/nix/store/v276x25glri2hrxrmps8wjncnkbg9qgj-kubectl-tree-0.6.0",
              "default": true
            }
          ],
          "store_path": "/nix/store/v276x25glri2hrxrmps8wjncnkbg9qgj-kubectl-tree-0.6.0"
        },
        "x86_64-linux": {
          "outputs": [
            {
              "name": "out",
              "path": "/nix/store/jw9cjkak3iqlx59idcfm1k8gfy4rca2p-kubectl-tree-0.6.0",
              "default": true
            }
          ],
          "store_path": "/nix/store/jw9cjkak3iqlx59idcfm1k8gfy4rca2p-kubectl-tree-0.6.0"
        }
      }
    },
    "kubernetes-helm@3.20.1": {
      "last_modified": "2026-04-16T08:46:55Z",
      "resolved": "github:NixOS/nixpkgs/b86751bc4085f48661017fa226dee99fab6c651b#kubernetes-helm",
      "source": "devbox-search",
      "version": "3.20.1",
      "systems": {
        "aarch64-darwin": {
          "outputs": [
            {
              "name": "out",
              "path": "/nix/store/9z8g74z70cz08i6aidqlq02b2p59blhs-kubernetes-helm-3.20.1",
              "default": true
            }
          ],
          "store_path": "/nix/store/9z8g74z70cz08i6aidqlq02b2p59blhs-kubernetes-helm-3.20.1"
        },
        "aarch64-linux": {
          "outputs": [
            {
              "name": "out",
              "path": "/nix/store/3gadj10ac3078z5klss6fdsbqr1az70h-kubernetes-helm-3.20.1",
              "default": true
            }
          ],
          "store_path": "/nix/store/3gadj10ac3078z5klss6fdsbqr1az70h-kubernetes-helm-3.20.1"
        },
        "x86_64-darwin": {
          "outputs": [
            {
              "name": "out",
              "path": "/nix/store/5x0z637clda6vpjxijgryn3aayl0nbpa-kubernetes-helm-3.20.1",
              "default": true
            }
          ],
          "store_path": "/nix/store/5x0z637clda6vpjxijgryn3aayl0nbpa-kubernetes-helm-3.20.1"
        },
        "x86_64-linux": {
          "outputs": [
            {
              "name": "out",
              "path": "/nix/store/852aq3qbnhhdz5vwmfp2p74ky2rli31j-kubernetes-helm-3.20.1",
              "default": true
            }
          ],
          "store_path": "/nix/store/852aq3qbnhhdz5vwmfp2p74ky2rli31j-kubernetes-helm-3.20.1"
        }
      }
    },
    "linode-cli@5.56.2": {
      "last_modified": "2026-01-23T17:20:52Z",
      "resolved": "github:NixOS/nixpkgs/a1bab9e494f5f4939442a57a58d0449a109593fe#linode-cli",
      "source": "devbox-search",
      "version": "5.56.2",
      "systems": {
        "aarch64-darwin": {
          "outputs": [
            {
              "name": "out",
              "path": "/nix/store/nndavrpafxbgrmlcjkml1qphgi4wifwm-linode-cli-5.56.2",
              "default": true
            },
            {
              "name": "dist",
              "path": "/nix/store/ijwnjx5xxllg5djkr9l5jxxq7w6g8nqb-linode-cli-5.56.2-dist"
            }
          ],
          "store_path": "/nix/store/nndavrpafxbgrmlcjkml1qphgi4wifwm-linode-cli-5.56.2"
        },
        "aarch64-linux": {
          "outputs": [
            {
              "name": "out",
              "path": "/nix/store/396zfj9cv1rlsiqaa3csslrm3x2sj2ka-linode-cli-5.56.2",
              "default": true
            },
            {
              "name": "dist",
              "path": "/nix/store/czbg7cwzrg5b8rsk98xydf79hnll88xf-linode-cli-5.56.2-dist"
            }
          ],
          "store_path": "/nix/store/396zfj9cv1rlsiqaa3csslrm3x2sj2ka-linode-cli-5.56.2"
        },
        "x86_64-darwin": {
          "outputs": [
            {
              "name": "out",
              "path": "/nix/store/ahf7zzdp9cpavnjqqg24mgzwdfqhkw9k-linode-cli-5.56.2",
              "default": true
            },
            {
              "name": "dist",
              "path": "/nix/store/zi1dx7iniicjhlnjk2qjhjww7yc3nl9k-linode-cli-5.56.2-dist"
            }
          ],
          "store_path": "/nix/store/ahf7zzdp9cpavnjqqg24mgzwdfqhkw9k-linode-cli-5.56.2"
        },
        "x86_64-linux": {
          "outputs": [
            {
              "name": "out",
              "path": "/nix/store/r76vj8dzqh5d8xkmzxvqpgm8176mbkmi-linode-cli-5.56.2",
              "default": true
            },
            {
              "name": "dist",
              "path": "/nix/store/902q3w7kh4c6whninaq2x1zjr9l9aff0-linode-cli-5.56.2-dist"
            }
          ],
          "store_path": "/nix/store/r76vj8dzqh5d8xkmzxvqpgm8176mbkmi-linode-cli-5.56.2"
        }
      }
    },
    "nushell@0.112.1": {
      "last_modified": "2026-04-15T03:58:42Z",
      "resolved": "github:NixOS/nixpkgs/975dad1a84d727dce241bb41b27191948fa5a956#nushell",
      "source": "devbox-search",
      "version": "0.112.1",
      "systems": {
        "aarch64-darwin": {
          "outputs": [
            {
              "name": "out",
              "path": "/nix/store/1ljwrl79rknldsgagzl0hv7j1vy8q9w8-nushell-0.112.1",
              "default": true
            }
          ],
          "store_path": "/nix/store/1ljwrl79rknldsgagzl0hv7j1vy8q9w8-nushell-0.112.1"
        },
        "aarch64-linux": {
          "outputs": [
            {
              "name": "out",
              "path": "/nix/store/79b5r5k2znl2m5m9m2qbgrsnfd6mvqba-nushell-0.112.1",
              "default": true
            }
          ],
          "store_path": "/nix/store/79b5r5k2znl2m5m9m2qbgrsnfd6mvqba-nushell-0.112.1"
        },
        "x86_64-darwin": {
          "outputs": [
            {
              "name": "out",
              "path": "/nix/store/wh4jzh15sy0iyw0xbhprf1g0dysvj3bb-nushell-0.112.1",
              "default": true
            }
          ],
          "store_path": "/nix/store/wh4jzh15sy0iyw0xbhprf1g0dysvj3bb-nushell-0.112.1"
        },
        "x86_64-linux": {
          "outputs": [
            {
              "name": "out",
              "path": "/nix/store/9pappfz3jzz81jakvzhlch0jci98hrfy-nushell-0.112.1",
              "default": true
            }
          ],
          "store_path": "/nix/store/9pappfz3jzz81jakvzhlch0jci98hrfy-nushell-0.112.1"
        }
      }
    },
    "vals@0.43.9": {
      "last_modified": "2026-04-16T08:46:55Z",
      "resolved": "github:NixOS/nixpkgs/b86751bc4085f48661017fa226dee99fab6c651b#vals",
      "source": "devbox-search",
      "version": "0.43.9",
      "systems": {
        "aarch64-darwin": {
          "outputs": [
            {
              "name": "out",
              "path": "/nix/store/yj2acaffdkc06n898j3bb1xphmspzrvn-vals-0.43.9",
              "default": true
            }
          ],
          "store_path": "/nix/store/yj2acaffdkc06n898j3bb1xphmspzrvn-vals-0.43.9"
        },
        "aarch64-linux": {
          "outputs": [
            {
              "name": "out",
              "path": "/nix/store/ssyaaqmpf7f6xpwfn4abzxj4b4lxkvr2-vals-0.43.9",
              "default": true
            }
          ],
          "store_path": "/nix/store/ssyaaqmpf7f6xpwfn4abzxj4b4lxkvr2-vals-0.43.9"
        },
        "x86_64-darwin": {
          "outputs": [
            {
              "name": "out",
              "path": "/nix/store/grwvf5blrs9504lj6v2qyxrikjdxd2lx-vals-0.43.9",
              "default": true
            }
          ],
          "store_path": "/nix/store/grwvf5blrs9504lj6v2qyxrikjdxd2lx-vals-0.43.9"
        },
        "x86_64-linux": {
          "outputs": [
            {
              "name": "out",
              "path": "/nix/store/2mw2764dwh4fdvx3dz7sxbbxzz9as600-vals-0.43.9",
              "default": true
            }
          ],
          "store_path": "/nix/store/2mw2764dwh4fdvx3dz7sxbbxzz9as600-vals-0.43.9"
        }
      }
    },
    "yq-go@4.52.5": {
      "last_modified": "2026-03-27T11:17:38Z",
      "resolved": "github:NixOS/nixpkgs/832efc09b4caf6b4569fbf9dc01bec3082a00611#yq-go",
      "source": "devbox-search",
      "version": "4.52.5",
      "systems": {
        "aarch64-darwin": {
          "outputs": [
            {
              "name": "out",
              "path": "/nix/store/p2c2wwxns1n6w151c0cvlhmsg82rn3wl-yq-go-4.52.5",
              "default": true
            }
          ],
          "store_path": "/nix/store/p2c2wwxns1n6w151c0cvlhmsg82rn3wl-yq-go-4.52.5"
        },
        "aarch64-linux": {
          "outputs": [
            {
              "name": "out",
              "path": "/nix/store/lnm08wjicdm5a0ry3ijwalskxrgigczq-yq-go-4.52.5",
              "default": true
            }
          ],
          "store_path": "/nix/store/lnm08wjicdm5a0ry3ijwalskxrgigczq-yq-go-4.52.5"
        },
        "x86_64-darwin": {
          "outputs": [
            {
              "name": "out",
              "path": "/nix/store/mqdiyq80ar7pxg93k9aqz662h09fdj9f-yq-go-4.52.5",
              "default": true
            }
          ],
          "store_path": "/nix/store/mqdiyq80ar7pxg93k9aqz662h09fdj9f-yq-go-4.52.5"
        },
        "x86_64-linux": {
          "outputs": [
            {
              "name": "out",
              "path": "/nix/store/b72l95minifsrvdmrwwjzdl1fn7spfdf-yq-go-4.52.5",
              "default": true
            }
          ],
          "store_path": "/nix/store/b72l95minifsrvdmrwwjzdl1fn7spfdf-yq-go-4.52.5"
        }
      }
    }
  }
}
