{
  "lockfile_version": "1",
  "packages": {
    "git@2.53.0": {
      "last_modified": "2026-02-24T00:13:24Z",
      "resolved": "github:NixOS/nixpkgs/5e4522be6bdf1600682a6f383434b057b2d77a37#git",
      "source": "devbox-search",
      "version": "2.53.0",
      "systems": {
        "aarch64-darwin": {
          "outputs": [
            {
              "name": "out",
              "path": "/nix/store/rfbzyqcygzpyh5ncb79n07x8bhws2pq3-git-2.53.0",
              "default": true
            },
            {
              "name": "doc",
              "path": "/nix/store/lgbyzfz2j1j7g47331i5684765akl38m-git-2.53.0-doc"
            }
          ],
          "store_path": "/nix/store/rfbzyqcygzpyh5ncb79n07x8bhws2pq3-git-2.53.0"
        },
        "aarch64-linux": {
          "outputs": [
            {
              "name": "out",
              "path": "/nix/store/xz8bzpl5fz92bkhcdmf4g45znvvzcakd-git-2.53.0",
              "default": true
            },
            {
              "name": "debug",
              "path": "/nix/store/xr7sgggqixdji66nhax03lwmk25ms7af-git-2.53.0-debug"
            },
            {
              "name": "doc",
              "path": "/nix/store/lspm2ph3iad5y9irmh2wms6bm3nhhy76-git-2.53.0-doc"
            }
          ],
          "store_path": "/nix/store/xz8bzpl5fz92bkhcdmf4g45znvvzcakd-git-2.53.0"
        },
        "x86_64-darwin": {
          "outputs": [
            {
              "name": "out",
              "path": "/nix/store/bmddbpv896f9rgnm0835434qjiqh1psc-git-2.53.0",
              "default": true
            },
            {
              "name": "doc",
              "path": "/nix/store/0wx1wdjy7imyv7cp6p6m2l17ycq7n3q4-git-2.53.0-doc"
            }
          ],
          "store_path": "/nix/store/bmddbpv896f9rgnm0835434qjiqh1psc-git-2.53.0"
        },
        "x86_64-linux": {
          "outputs": [
            {
              "name": "out",
              "path": "/nix/store/8x49w8i0vafv34rlc6h4a0f7z0z2qpb5-git-2.53.0",
              "default": true
            },
            {
              "name": "debug",
              "path": "/nix/store/i9fi7yqx2z2dryn80w5pr4b1v4nmyida-git-2.53.0-debug"
            },
            {
              "name": "doc",
              "path": "/nix/store/frqc9w8q0dxsg7b8w3j0cv1lb9bd6xww-git-2.53.0-doc"
            }
          ],
          "store_path": "/nix/store/8x49w8i0vafv34rlc6h4a0f7z0z2qpb5-git-2.53.0"
        }
      }
    },
    "github:NixOS/nixpkgs/nixpkgs-unstable": {
      "last_modified": "2025-12-03T20:43:00Z",
      "resolved": "github:NixOS/nixpkgs/ebc94f855ef25347c314258c10393a92794e7ab9?lastModified=1764794580&narHash=sha256-UMVihg0OQ980YqmOAPz%2BzkuCEb9hpE5Xj2v%2BZGNjQ%2BM%3D"
    },
    "kubectl-tree@0.6.0": {
      "last_modified": "2026-04-01T01:09:41Z",
      "resolved": "github:NixOS/nixpkgs/62e3050a29278c985725a86704faa1e99236b51a#kubectl-tree",
      "source": "devbox-search",
      "version": "0.6.0",
      "systems": {
        "aarch64-darwin": {
          "outputs": [
            {
              "name": "out",
              "path": "/nix/store/6q950xfy2f6mb9cg1bnjb4kzhfd6z9zk-kubectl-tree-0.6.0",
              "default": true
            }
          ],
          "store_path": "/nix/store/6q950xfy2f6mb9cg1bnjb4kzhfd6z9zk-kubectl-tree-0.6.0"
        },
        "aarch64-linux": {
          "outputs": [
            {
              "name": "out",
              "path": "/nix/store/24snzlz3sivpddzmbbmwqnabfak5i4bx-kubectl-tree-0.6.0",
              "default": true
            }
          ],
          "store_path": "/nix/store/24snzlz3sivpddzmbbmwqnabfak5i4bx-kubectl-tree-0.6.0"
        },
        "x86_64-darwin": {
          "outputs": [
            {
              "name": "out",
              "path": "/nix/store/v276x25glri2hrxrmps8wjncnkbg9qgj-kubectl-tree-0.6.0",
              "default": true
            }
          ],
          "store_path": "/nix/store/v276x25glri2hrxrmps8wjncnkbg9qgj-kubectl-tree-0.6.0"
        },
        "x86_64-linux": {
          "outputs": [
            {
              "name": "out",
              "path": "/nix/store/jw9cjkak3iqlx59idcfm1k8gfy4rca2p-kubectl-tree-0.6.0",
              "default": true
            }
          ],
          "store_path": "/nix/store/jw9cjkak3iqlx59idcfm1k8gfy4rca2p-kubectl-tree-0.6.0"
        }
      }
    },
    "kubernetes-helm@3.19.1": {
      "last_modified": "2025-11-23T21:50:36Z",
      "resolved": "github:NixOS/nixpkgs/ee09932cedcef15aaf476f9343d1dea2cb77e261#kubernetes-helm",
      "source": "devbox-search",
      "version": "3.19.1",
      "systems": {
        "aarch64-darwin": {
          "outputs": [
            {
              "name": "out",
              "path": "/nix/store/xx21h4bmbmhncdlhw5q7gp3wx50x0y5g-kubernetes-helm-3.19.1",
              "default": true
            }
          ],
          "store_path": "/nix/store/xx21h4bmbmhncdlhw5q7gp3wx50x0y5g-kubernetes-helm-3.19.1"
        },
        "aarch64-linux": {
          "outputs": [
            {
              "name": "out",
              "path": "/nix/store/s702f0l23v078mm6jkrbc7bx0qpjrzwm-kubernetes-helm-3.19.1",
              "default": true
            }
          ],
          "store_path": "/nix/store/s702f0l23v078mm6jkrbc7bx0qpjrzwm-kubernetes-helm-3.19.1"
        },
        "x86_64-darwin": {
          "outputs": [
            {
              "name": "out",
              "path": "/nix/store/z2is6ibqddfxx8mb1hybly00hb902h85-kubernetes-helm-3.19.1",
              "default": true
            }
          ],
          "store_path": "/nix/store/z2is6ibqddfxx8mb1hybly00hb902h85-kubernetes-helm-3.19.1"
        },
        "x86_64-linux": {
          "outputs": [
            {
              "name": "out",
              "path": "/nix/store/b7g7s0jpfs93g7s1b556166mcswbkmcx-kubernetes-helm-3.19.1",
              "default": true
            }
          ],
          "store_path": "/nix/store/b7g7s0jpfs93g7s1b556166mcswbkmcx-kubernetes-helm-3.19.1"
        }
      }
    },
    "linode-cli@5.56.2": {
      "last_modified": "2026-01-23T17:20:52Z",
      "resolved": "github:NixOS/nixpkgs/a1bab9e494f5f4939442a57a58d0449a109593fe#linode-cli",
      "source": "devbox-search",
      "version": "5.56.2",
      "systems": {
        "aarch64-darwin": {
          "outputs": [
            {
              "name": "out",
              "path": "/nix/store/nndavrpafxbgrmlcjkml1qphgi4wifwm-linode-cli-5.56.2",
              "default": true
            },
            {
              "name": "dist",
              "path": "/nix/store/ijwnjx5xxllg5djkr9l5jxxq7w6g8nqb-linode-cli-5.56.2-dist"
            }
          ],
          "store_path": "/nix/store/nndavrpafxbgrmlcjkml1qphgi4wifwm-linode-cli-5.56.2"
        },
        "aarch64-linux": {
          "outputs": [
            {
              "name": "out",
              "path": "/nix/store/396zfj9cv1rlsiqaa3csslrm3x2sj2ka-linode-cli-5.56.2",
              "default": true
            },
            {
              "name": "dist",
              "path": "/nix/store/czbg7cwzrg5b8rsk98xydf79hnll88xf-linode-cli-5.56.2-dist"
            }
          ],
          "store_path": "/nix/store/396zfj9cv1rlsiqaa3csslrm3x2sj2ka-linode-cli-5.56.2"
        },
        "x86_64-darwin": {
          "outputs": [
            {
              "name": "out",
              "path": "/nix/store/ahf7zzdp9cpavnjqqg24mgzwdfqhkw9k-linode-cli-5.56.2",
              "default": true
            },
            {
              "name": "dist",
              "path": "/nix/store/zi1dx7iniicjhlnjk2qjhjww7yc3nl9k-linode-cli-5.56.2-dist"
            }
          ],
          "store_path": "/nix/store/ahf7zzdp9cpavnjqqg24mgzwdfqhkw9k-linode-cli-5.56.2"
        },
        "x86_64-linux": {
          "outputs": [
            {
              "name": "out",
              "path": "/nix/store/r76vj8dzqh5d8xkmzxvqpgm8176mbkmi-linode-cli-5.56.2",
              "default": true
            },
            {
              "name": "dist",
              "path": "/nix/store/902q3w7kh4c6whninaq2x1zjr9l9aff0-linode-cli-5.56.2-dist"
            }
          ],
          "store_path": "/nix/store/r76vj8dzqh5d8xkmzxvqpgm8176mbkmi-linode-cli-5.56.2"
        }
      }
    },
    "nushell@0.111.0": {
      "last_modified": "2026-03-04T00:49:39Z",
      "resolved": "github:NixOS/nixpkgs/0fd2db475afdde93c9e4b1625aafb8eb41b99807#nushell",
      "source": "devbox-search",
      "version": "0.111.0",
      "systems": {
        "aarch64-darwin": {
          "outputs": [
            {
              "name": "out",
              "path": "/nix/store/nmdn4hy6mcb28a520g3g3vsmw7cfh8kf-nushell-0.111.0",
              "default": true
            }
          ],
          "store_path": "/nix/store/nmdn4hy6mcb28a520g3g3vsmw7cfh8kf-nushell-0.111.0"
        },
        "aarch64-linux": {
          "outputs": [
            {
              "name": "out",
              "path": "/nix/store/fc5xvdr70x3x9975alm689xafx12vk2l-nushell-0.111.0",
              "default": true
            }
          ],
          "store_path": "/nix/store/fc5xvdr70x3x9975alm689xafx12vk2l-nushell-0.111.0"
        },
        "x86_64-darwin": {
          "outputs": [
            {
              "name": "out",
              "path": "/nix/store/j8kl2886z933yn0m2vr10lvr8p7cvs0l-nushell-0.111.0",
              "default": true
            }
          ],
          "store_path": "/nix/store/j8kl2886z933yn0m2vr10lvr8p7cvs0l-nushell-0.111.0"
        },
        "x86_64-linux": {
          "outputs": [
            {
              "name": "out",
              "path": "/nix/store/b3r10nya4yhvk7ms71qpww6j7mjqrnda-nushell-0.111.0",
              "default": true
            }
          ],
          "store_path": "/nix/store/b3r10nya4yhvk7ms71qpww6j7mjqrnda-nushell-0.111.0"
        }
      }
    },
    "vals@0.43.7": {
      "last_modified": "2026-03-12T22:11:02Z",
      "resolved": "github:NixOS/nixpkgs/24f4544180242cd80bb2492ce6907243bc716e08#vals",
      "source": "devbox-search",
      "version": "0.43.7",
      "systems": {
        "aarch64-darwin": {
          "outputs": [
            {
              "name": "out",
              "path": "/nix/store/siz2zkvdby4fajyqisk7jxpm1yyj6sjn-vals-0.43.7",
              "default": true
            }
          ],
          "store_path": "/nix/store/siz2zkvdby4fajyqisk7jxpm1yyj6sjn-vals-0.43.7"
        },
        "aarch64-linux": {
          "outputs": [
            {
              "name": "out",
              "path": "/nix/store/j040js0a4h39rs9n9fq6h0m8qvd1szsy-vals-0.43.7",
              "default": true
            }
          ],
          "store_path": "/nix/store/j040js0a4h39rs9n9fq6h0m8qvd1szsy-vals-0.43.7"
        },
        "x86_64-darwin": {
          "outputs": [
            {
              "name": "out",
              "path": "/nix/store/4c9srzz0vc6crcv6xv9rw32g222g2cih-vals-0.43.7",
              "default": true
            }
          ],
          "store_path": "/nix/store/4c9srzz0vc6crcv6xv9rw32g222g2cih-vals-0.43.7"
        },
        "x86_64-linux": {
          "outputs": [
            {
              "name": "out",
              "path": "/nix/store/5a3avdvrhn1222d0y7lrm1z9jsdlqv00-vals-0.43.7",
              "default": true
            }
          ],
          "store_path": "/nix/store/5a3avdvrhn1222d0y7lrm1z9jsdlqv00-vals-0.43.7"
        }
      }
    },
    "yq-go@4.52.5": {
      "last_modified": "2026-03-27T11:17:38Z",
      "resolved": "github:NixOS/nixpkgs/832efc09b4caf6b4569fbf9dc01bec3082a00611#yq-go",
      "source": "devbox-search",
      "version": "4.52.5",
      "systems": {
        "aarch64-darwin": {
          "outputs": [
            {
              "name": "out",
              "path": "/nix/store/p2c2wwxns1n6w151c0cvlhmsg82rn3wl-yq-go-4.52.5",
              "default": true
            }
          ],
          "store_path": "/nix/store/p2c2wwxns1n6w151c0cvlhmsg82rn3wl-yq-go-4.52.5"
        },
        "aarch64-linux": {
          "outputs": [
            {
              "name": "out",
              "path": "/nix/store/lnm08wjicdm5a0ry3ijwalskxrgigczq-yq-go-4.52.5",
              "default": true
            }
          ],
          "store_path": "/nix/store/lnm08wjicdm5a0ry3ijwalskxrgigczq-yq-go-4.52.5"
        },
        "x86_64-darwin": {
          "outputs": [
            {
              "name": "out",
              "path": "/nix/store/mqdiyq80ar7pxg93k9aqz662h09fdj9f-yq-go-4.52.5",
              "default": true
            }
          ],
          "store_path": "/nix/store/mqdiyq80ar7pxg93k9aqz662h09fdj9f-yq-go-4.52.5"
        },
        "x86_64-linux": {
          "outputs": [
            {
              "name": "out",
              "path": "/nix/store/b72l95minifsrvdmrwwjzdl1fn7spfdf-yq-go-4.52.5",
              "default": true
            }
          ],
          "store_path": "/nix/store/b72l95minifsrvdmrwwjzdl1fn7spfdf-yq-go-4.52.5"
        }
      }
    }
  }
}
